
Microsoft Visual Studio Solution File, Format Version 12.00
# Visual Studio Version 17
VisualStudioVersion = 17.7.34202.233
MinimumVisualStudioVersion = 10.0.40219.1
Project("{FAE04EC0-301F-11D3-BF4B-00C04F79EFBC}") = "DynamicActions", "DynamicActions.csproj", "{CB04FFE7-36F0-4AB8-A361-254A2C4E553A}"
EndProject
Global
	GlobalSection(SolutionConfigurationPlatforms) = preSolution
		Debug|Any CPU = Debug|Any CPU
		Release|Any CPU = Release|Any CPU
	EndGlobalSection
	GlobalSection(ProjectConfigurationPlatforms) = postSolution
		{CB04FFE7-36F0-4AB8-A361-254A2C4E553A}.Debug|Any CPU.ActiveCfg = Debug|Any CPU
		{CB04FFE7-36F0-4AB8-A361-254A2C4E553A}.Debug|Any CPU.Build.0 = Debug|Any CPU
		{CB04FFE7-36F0-4AB8-A361-254A2C4E553A}.Release|Any CPU.ActiveCfg = Release|Any CPU
		{CB04FFE7-36F0-4AB8-A361-254A2C4E553A}.Release|Any CPU.Build.0 = Release|Any CPU
	EndGlobalSection
	GlobalSection(SolutionProperties) = preSolution
		HideSolutionNode = FALSE
	EndGlobalSection
	GlobalSection(ExtensibilityGlobals) = postSolution
		SolutionGuid = {B8E0A56F-156D-498E-A434-5CFCF481E028}
	EndGlobalSection
EndGlobal
